<?xml version="1.0" encoding="utf-8"?>
<Project ToolsVersion="4.0" xmlns="http://schemas.microsoft.com/developer/msbuild/2003">
  <ItemGroup>
    <Filter Include="Archivos de origen">
      <UniqueIdentifier>{4FC737F1-C7A5-4376-A066-2A32D752A2FF}</UniqueIdentifier>
      <Extensions>cpp;c;cc;cxx;c++;cppm;ixx;def;odl;idl;hpj;bat;asm;asmx</Extensions>
    </Filter>
    <Filter Include="Archivos de encabezado">
      <UniqueIdentifier>{93995380-89BD-4b04-88EB-625FBE52EBFB}</UniqueIdentifier>
      <Extensions>h;hh;hpp;hxx;h++;hm;inl;inc;ipp;xsd</Extensions>
    </Filter>
    <Filter Include="Archivos de recursos">
      <UniqueIdentifier>{67DA6AB6-F800-4c08-8B7A-83BB121AAD01}</UniqueIdentifier>
      <Extensions>rc;ico;cur;bmp;dlg;rc2;rct;bin;rgs;gif;jpg;jpeg;jpe;resx;tiff;tif;png;wav;mfcribbon-ms</Extensions>
    </Filter>
  </ItemGroup>
  <ItemGroup>
    <None Include="..\..\xmlrpc++0.7\xmlrpc++0.7\src\Doxyfile" />
  </ItemGroup>
  <ItemGroup>
    <ClInclude Include="base64.h">
      <Filter>Archivos de encabezado</Filter>
    </ClInclude>
    <ClInclude Include="XmlRpc.h">
      <Filter>Archivos de encabezado</Filter>
    </ClInclude>
    <ClInclude Include="XmlRpcClient.h">
      <Filter>Archivos de encabezado</Filter>
    </ClInclude>
    <ClInclude Include="XmlRpcDispatch.h">
      <Filter>Archivos de encabezado</Filter>
    </ClInclude>
    <ClInclude Include="XmlRpcException.h">
      <Filter>Archivos de encabezado</Filter>
    </ClInclude>
    <ClInclude Include="XmlRpcServer.h">
      <Filter>Archivos de encabezado</Filter>
    </ClInclude>
    <ClInclude Include="XmlRpcServerConnection.h">
      <Filter>Archivos de encabezado</Filter>
    </ClInclude>
    <ClInclude Include="XmlRpcServerMethod.h">
      <Filter>Archivos de encabezado</Filter>
    </ClInclude>
    <ClInclude Include="XmlRpcSocket.h">
      <Filter>Archivos de encabezado</Filter>
    </ClInclude>
    <ClInclude Include="XmlRpcSource.h">
      <Filter>Archivos de encabezado</Filter>
    </ClInclude>
    <ClInclude Include="XmlRpcUtil.h">
      <Filter>Archivos de encabezado</Filter>
    </ClInclude>
    <ClInclude Include="XmlRpcValue.h">
      <Filter>Archivos de encabezado</Filter>
    </ClInclude>
  </ItemGroup>
  <ItemGroup>
    <ClCompile Include="XmlRpcClient.cpp">
      <Filter>Archivos de origen</Filter>
    </ClCompile>
    <ClCompile Include="XmlRpcDispatch.cpp">
      <Filter>Archivos de origen</Filter>
    </ClCompile>
    <ClCompile Include="XmlRpcServer.cpp">
      <Filter>Archivos de origen</Filter>
    </ClCompile>
    <ClCompile Include="XmlRpcServerConnection.cpp">
      <Filter>Archivos de origen</Filter>
    </ClCompile>
    <ClCompile Include="XmlRpcServerMethod.cpp">
      <Filter>Archivos de origen</Filter>
    </ClCompile>
    <ClCompile Include="XmlRpcSocket.cpp">
      <Filter>Archivos de origen</Filter>
    </ClCompile>
    <ClCompile Include="XmlRpcSource.cpp">
      <Filter>Archivos de origen</Filter>
    </ClCompile>
    <ClCompile Include="XmlRpcUtil.cpp">
      <Filter>Archivos de origen</Filter>
    </ClCompile>
    <ClCompile Include="XmlRpcValue.cpp">
      <Filter>Archivos de origen</Filter>
    </ClCompile>
  </ItemGroup>
</Project>